
Microsoft Visual Studio Solution File, Format Version 12.00
# Visual Studio 14
VisualStudioVersion = 14.0.25123.0
MinimumVisualStudioVersion = 10.0.40219.1
Project("{FAE04EC0-301F-11D3-BF4B-00C04F79EFBC}") = "SmartHomeControl.Droid", "SmartHomeControl\SmartHomeControl.Droid\SmartHomeControl.Droid.csproj", "{BE91EAFB-4D49-4AC6-BDFB-34A632A7ACDD}"
EndProject
Project("{FAE04EC0-301F-11D3-BF4B-00C04F79EFBC}") = "SmartHomeControl.iOS", "SmartHomeControl\SmartHomeControl.iOS\SmartHomeControl.iOS.csproj", "{5B86BE5A-0444-41C0-862E-4B24BECD5957}"
EndProject
Project("{FAE04EC0-301F-11D3-BF4B-00C04F79EFBC}") = "SmartHomeControl", "SmartHomeControl\SmartHomeControl\SmartHomeControl.csproj", "{8249B175-99F7-41F7-864E-D7835979B4E0}"
EndProject
Project("{FAE04EC0-301F-11D3-BF4B-00C04F79EFBC}") = "SmartControl.UWP", "SmartControl.UWP\SmartControl.UWP.csproj", "{66D5B7C5-F4CC-4825-B434-AB904025E7E1}"
EndProject
Global
	GlobalSection(SolutionConfigurationPlatforms) = preSolution
		Ad-Hoc|Any CPU = Ad-Hoc|Any CPU
		Ad-Hoc|ARM = Ad-Hoc|ARM
		Ad-Hoc|iPhone = Ad-Hoc|iPhone
		Ad-Hoc|iPhoneSimulator = Ad-Hoc|iPhoneSimulator
		Ad-Hoc|x64 = Ad-Hoc|x64
		Ad-Hoc|x86 = Ad-Hoc|x86
		AppStore|Any CPU = AppStore|Any CPU
		AppStore|ARM = AppStore|ARM
		AppStore|iPhone = AppStore|iPhone
		AppStore|iPhoneSimulator = AppStore|iPhoneSimulator
		AppStore|x64 = AppStore|x64
		AppStore|x86 = AppStore|x86
		Debug|Any CPU = Debug|Any CPU
		Debug|ARM = Debug|ARM
		Debug|iPhone = Debug|iPhone
		Debug|iPhoneSimulator = Debug|iPhoneSimulator
		Debug|x64 = Debug|x64
		Debug|x86 = Debug|x86
		Release|Any CPU = Release|Any CPU
		Release|ARM = Release|ARM
		Release|iPhone = Release|iPhone
		Release|iPhoneSimulator = Release|iPhoneSimulator
		Release|x64 = Release|x64
		Release|x86 = Release|x86
	EndGlobalSection
	GlobalSection(ProjectConfigurationPlatforms) = postSolution
		{BE91EAFB-4D49-4AC6-BDFB-34A632A7ACDD}.Ad-Hoc|Any CPU.ActiveCfg = Release|Any CPU
		{BE91EAFB-4D49-4AC6-BDFB-34A632A7ACDD}.Ad-Hoc|Any CPU.Build.0 = Release|Any CPU
		{BE91EAFB-4D49-4AC6-BDFB-34A632A7ACDD}.Ad-Hoc|Any CPU.Deploy.0 = Release|Any CPU
		{BE91EAFB-4D49-4AC6-BDFB-34A632A7ACDD}.Ad-Hoc|ARM.ActiveCfg = Release|Any CPU
		{BE91EAFB-4D49-4AC6-BDFB-34A632A7ACDD}.Ad-Hoc|ARM.Build.0 = Release|Any CPU
		{BE91EAFB-4D49-4AC6-BDFB-34A632A7ACDD}.Ad-Hoc|ARM.Deploy.0 = Release|Any CPU
		{BE91EAFB-4D49-4AC6-BDFB-34A632A7ACDD}.Ad-Hoc|iPhone.ActiveCfg = Release|Any CPU
		{BE91EAFB-4D49-4AC6-BDFB-34A632A7ACDD}.Ad-Hoc|iPhone.Build.0 = Release|Any CPU
		{BE91EAFB-4D49-4AC6-BDFB-34A632A7ACDD}.Ad-Hoc|iPhone.Deploy.0 = Release|Any CPU
		{BE91EAFB-4D49-4AC6-BDFB-34A632A7ACDD}.Ad-Hoc|iPhoneSimulator.ActiveCfg = Release|Any CPU
		{BE91EAFB-4D49-4AC6-BDFB-34A632A7ACDD}.Ad-Hoc|iPhoneSimulator.Build.0 = Release|Any CPU
		{BE91EAFB-4D49-4AC6-BDFB-34A632A7ACDD}.Ad-Hoc|iPhoneSimulator.Deploy.0 = Release|Any CPU
		{BE91EAFB-4D49-4AC6-BDFB-34A632A7ACDD}.Ad-Hoc|x64.ActiveCfg = Release|Any CPU
		{BE91EAFB-4D49-4AC6-BDFB-34A632A7ACDD}.Ad-Hoc|x64.Build.0 = Release|Any CPU
		{BE91EAFB-4D49-4AC6-BDFB-34A632A7ACDD}.Ad-Hoc|x64.Deploy.0 = Release|Any CPU
		{BE91EAFB-4D49-4AC6-BDFB-34A632A7ACDD}.Ad-Hoc|x86.ActiveCfg = Release|Any CPU
		{BE91EAFB-4D49-4AC6-BDFB-34A632A7ACDD}.Ad-Hoc|x86.Build.0 = Release|Any CPU
		{BE91EAFB-4D49-4AC6-BDFB-34A632A7ACDD}.Ad-Hoc|x86.Deploy.0 = Release|Any CPU
		{BE91EAFB-4D49-4AC6-BDFB-34A632A7ACDD}.AppStore|Any CPU.ActiveCfg = Release|Any CPU
		{BE91EAFB-4D49-4AC6-BDFB-34A632A7ACDD}.AppStore|Any CPU.Build.0 = Release|Any CPU
		{BE91EAFB-4D49-4AC6-BDFB-34A632A7ACDD}.AppStore|Any CPU.Deploy.0 = Release|Any CPU
		{BE91EAFB-4D49-4AC6-BDFB-34A632A7ACDD}.AppStore|ARM.ActiveCfg = Release|Any CPU
		{BE91EAFB-4D49-4AC6-BDFB-34A632A7ACDD}.AppStore|ARM.Build.0 = Release|Any CPU
		{BE91EAFB-4D49-4AC6-BDFB-34A632A7ACDD}.AppStore|ARM.Deploy.0 = Release|Any CPU
		{BE91EAFB-4D49-4AC6-BDFB-34A632A7ACDD}.AppStore|iPhone.ActiveCfg = Release|Any CPU
		{BE91EAFB-4D49-4AC6-BDFB-34A632A7ACDD}.AppStore|iPhone.Build.0 = Release|Any CPU
		{BE91EAFB-4D49-4AC6-BDFB-34A632A7ACDD}.AppStore|iPhone.Deploy.0 = Release|Any CPU
		{BE91EAFB-4D49-4AC6-BDFB-34A632A7ACDD}.AppStore|iPhoneSimulator.ActiveCfg = Release|Any CPU
		{BE91EAFB-4D49-4AC6-BDFB-34A632A7ACDD}.AppStore|iPhoneSimulator.Build.0 = Release|Any CPU
		{BE91EAFB-4D49-4AC6-BDFB-34A632A7ACDD}.AppStore|iPhoneSimulator.Deploy.0 = Release|Any CPU
		{BE91EAFB-4D49-4AC6-BDFB-34A632A7ACDD}.AppStore|x64.ActiveCfg = Release|Any CPU
		{BE91EAFB-4D49-4AC6-BDFB-34A632A7ACDD}.AppStore|x64.Build.0 = Release|Any CPU
		{BE91EAFB-4D49-4AC6-BDFB-34A632A7ACDD}.AppStore|x64.Deploy.0 = Release|Any CPU
		{BE91EAFB-4D49-4AC6-BDFB-34A632A7ACDD}.AppStore|x86.ActiveCfg = Release|Any CPU
		{BE91EAFB-4D49-4AC6-BDFB-34A632A7ACDD}.AppStore|x86.Build.0 = Release|Any CPU
		{BE91EAFB-4D49-4AC6-BDFB-34A632A7ACDD}.AppStore|x86.Deploy.0 = Release|Any CPU
		{BE91EAFB-4D49-4AC6-BDFB-34A632A7ACDD}.Debug|Any CPU.ActiveCfg = Debug|Any CPU
		{BE91EAFB-4D49-4AC6-BDFB-34A632A7ACDD}.Debug|Any CPU.Build.0 = Debug|Any CPU
		{BE91EAFB-4D49-4AC6-BDFB-34A632A7ACDD}.Debug|Any CPU.Deploy.0 = Debug|Any CPU
		{BE91EAFB-4D49-4AC6-BDFB-34A632A7ACDD}.Debug|ARM.ActiveCfg = Debug|Any CPU
		{BE91EAFB-4D49-4AC6-BDFB-34A632A7ACDD}.Debug|ARM.Build.0 = Debug|Any CPU
		{BE91EAFB-4D49-4AC6-BDFB-34A632A7ACDD}.Debug|ARM.Deploy.0 = Debug|Any CPU
		{BE91EAFB-4D49-4AC6-BDFB-34A632A7ACDD}.Debug|iPhone.ActiveCfg = Debug|Any CPU
		{BE91EAFB-4D49-4AC6-BDFB-34A632A7ACDD}.Debug|iPhone.Build.0 = Debug|Any CPU
		{BE91EAFB-4D49-4AC6-BDFB-34A632A7ACDD}.Debug|iPhone.Deploy.0 = Debug|Any CPU
		{BE91EAFB-4D49-4AC6-BDFB-34A632A7ACDD}.Debug|iPhoneSimulator.ActiveCfg = Debug|Any CPU
		{BE91EAFB-4D49-4AC6-BDFB-34A632A7ACDD}.Debug|iPhoneSimulator.Build.0 = Debug|Any CPU
		{BE91EAFB-4D49-4AC6-BDFB-34A632A7ACDD}.Debug|iPhoneSimulator.Deploy.0 = Debug|Any CPU
		{BE91EAFB-4D49-4AC6-BDFB-34A632A7ACDD}.Debug|x64.ActiveCfg = Debug|Any CPU
		{BE91EAFB-4D49-4AC6-BDFB-34A632A7ACDD}.Debug|x64.Build.0 = Debug|Any CPU
		{BE91EAFB-4D49-4AC6-BDFB-34A632A7ACDD}.Debug|x64.Deploy.0 = Debug|Any CPU
		{BE91EAFB-4D49-4AC6-BDFB-34A632A7ACDD}.Debug|x86.ActiveCfg = Debug|Any CPU
		{BE91EAFB-4D49-4AC6-BDFB-34A632A7ACDD}.Debug|x86.Build.0 = Debug|Any CPU
		{BE91EAFB-4D49-4AC6-BDFB-34A632A7ACDD}.Debug|x86.Deploy.0 = Debug|Any CPU
		{BE91EAFB-4D49-4AC6-BDFB-34A632A7ACDD}.Release|Any CPU.ActiveCfg = Release|Any CPU
		{BE91EAFB-4D49-4AC6-BDFB-34A632A7ACDD}.Release|Any CPU.Build.0 = Release|Any CPU
		{BE91EAFB-4D49-4AC6-BDFB-34A632A7ACDD}.Release|Any CPU.Deploy.0 = Release|Any CPU
		{BE91EAFB-4D49-4AC6-BDFB-34A632A7ACDD}.Release|ARM.ActiveCfg = Release|Any CPU
		{BE91EAFB-4D49-4AC6-BDFB-34A632A7ACDD}.Release|ARM.Build.0 = Release|Any CPU
		{BE91EAFB-4D49-4AC6-BDFB-34A632A7ACDD}.Release|ARM.Deploy.0 = Release|Any CPU
		{BE91EAFB-4D49-4AC6-BDFB-34A632A7ACDD}.Release|iPhone.ActiveCfg = Release|Any CPU
		{BE91EAFB-4D49-4AC6-BDFB-34A632A7ACDD}.Release|iPhone.Build.0 = Release|Any CPU
		{BE91EAFB-4D49-4AC6-BDFB-34A632A7ACDD}.Release|iPhone.Deploy.0 = Release|Any CPU
		{BE91EAFB-4D49-4AC6-BDFB-34A632A7ACDD}.Release|iPhoneSimulator.ActiveCfg = Release|Any CPU
		{BE91EAFB-4D49-4AC6-BDFB-34A632A7ACDD}.Release|iPhoneSimulator.Build.0 = Release|Any CPU
		{BE91EAFB-4D49-4AC6-BDFB-34A632A7ACDD}.Release|iPhoneSimulator.Deploy.0 = Release|Any CPU
		{BE91EAFB-4D49-4AC6-BDFB-34A632A7ACDD}.Release|x64.ActiveCfg = Release|Any CPU
		{BE91EAFB-4D49-4AC6-BDFB-34A632A7ACDD}.Release|x64.Build.0 = Release|Any CPU
		{BE91EAFB-4D49-4AC6-BDFB-34A632A7ACDD}.Release|x64.Deploy.0 = Release|Any CPU
		{BE91EAFB-4D49-4AC6-BDFB-34A632A7ACDD}.Release|x86.ActiveCfg = Release|Any CPU
		{BE91EAFB-4D49-4AC6-BDFB-34A632A7ACDD}.Release|x86.Build.0 = Release|Any CPU
		{BE91EAFB-4D49-4AC6-BDFB-34A632A7ACDD}.Release|x86.Deploy.0 = Release|Any CPU
		{5B86BE5A-0444-41C0-862E-4B24BECD5957}.Ad-Hoc|Any CPU.ActiveCfg = Ad-Hoc|iPhone
		{5B86BE5A-0444-41C0-862E-4B24BECD5957}.Ad-Hoc|ARM.ActiveCfg = Ad-Hoc|iPhone
		{5B86BE5A-0444-41C0-862E-4B24BECD5957}.Ad-Hoc|iPhone.ActiveCfg = Ad-Hoc|iPhone
		{5B86BE5A-0444-41C0-862E-4B24BECD5957}.Ad-Hoc|iPhone.Build.0 = Ad-Hoc|iPhone
		{5B86BE5A-0444-41C0-862E-4B24BECD5957}.Ad-Hoc|iPhoneSimulator.ActiveCfg = Ad-Hoc|iPhoneSimulator
		{5B86BE5A-0444-41C0-862E-4B24BECD5957}.Ad-Hoc|iPhoneSimulator.Build.0 = Ad-Hoc|iPhoneSimulator
		{5B86BE5A-0444-41C0-862E-4B24BECD5957}.Ad-Hoc|x64.ActiveCfg = Ad-Hoc|iPhone
		{5B86BE5A-0444-41C0-862E-4B24BECD5957}.Ad-Hoc|x86.ActiveCfg = Ad-Hoc|iPhone
		{5B86BE5A-0444-41C0-862E-4B24BECD5957}.AppStore|Any CPU.ActiveCfg = AppStore|iPhone
		{5B86BE5A-0444-41C0-862E-4B24BECD5957}.AppStore|ARM.ActiveCfg = AppStore|iPhone
		{5B86BE5A-0444-41C0-862E-4B24BECD5957}.AppStore|iPhone.ActiveCfg = AppStore|iPhone
		{5B86BE5A-0444-41C0-862E-4B24BECD5957}.AppStore|iPhone.Build.0 = AppStore|iPhone
		{5B86BE5A-0444-41C0-862E-4B24BECD5957}.AppStore|iPhoneSimulator.ActiveCfg = AppStore|iPhoneSimulator
		{5B86BE5A-0444-41C0-862E-4B24BECD5957}.AppStore|iPhoneSimulator.Build.0 = AppStore|iPhoneSimulator
		{5B86BE5A-0444-41C0-862E-4B24BECD5957}.AppStore|x64.ActiveCfg = AppStore|iPhone
		{5B86BE5A-0444-41C0-862E-4B24BECD5957}.AppStore|x86.ActiveCfg = AppStore|iPhone
		{5B86BE5A-0444-41C0-862E-4B24BECD5957}.Debug|Any CPU.ActiveCfg = Debug|iPhone
		{5B86BE5A-0444-41C0-862E-4B24BECD5957}.Debug|ARM.ActiveCfg = Debug|iPhone
		{5B86BE5A-0444-41C0-862E-4B24BECD5957}.Debug|iPhone.ActiveCfg = Debug|iPhone
		{5B86BE5A-0444-41C0-862E-4B24BECD5957}.Debug|iPhone.Build.0 = Debug|iPhone
		{5B86BE5A-0444-41C0-862E-4B24BECD5957}.Debug|iPhoneSimulator.ActiveCfg = Debug|iPhoneSimulator
		{5B86BE5A-0444-41C0-862E-4B24BECD5957}.Debug|iPhoneSimulator.Build.0 = Debug|iPhoneSimulator
		{5B86BE5A-0444-41C0-862E-4B24BECD5957}.Debug|x64.ActiveCfg = Debug|iPhone
		{5B86BE5A-0444-41C0-862E-4B24BECD5957}.Debug|x86.ActiveCfg = Debug|iPhone
		{5B86BE5A-0444-41C0-862E-4B24BECD5957}.Release|Any CPU.ActiveCfg = Release|iPhone
		{5B86BE5A-0444-41C0-862E-4B24BECD5957}.Release|ARM.ActiveCfg = Release|iPhone
		{5B86BE5A-0444-41C0-862E-4B24BECD5957}.Release|iPhone.ActiveCfg = Release|iPhone
		{5B86BE5A-0444-41C0-862E-4B24BECD5957}.Release|iPhone.Build.0 = Release|iPhone
		{5B86BE5A-0444-41C0-862E-4B24BECD5957}.Release|iPhoneSimulator.ActiveCfg = Release|iPhoneSimulator
		{5B86BE5A-0444-41C0-862E-4B24BECD5957}.Release|iPhoneSimulator.Build.0 = Release|iPhoneSimulator
		{5B86BE5A-0444-41C0-862E-4B24BECD5957}.Release|x64.ActiveCfg = Release|iPhone
		{5B86BE5A-0444-41C0-862E-4B24BECD5957}.Release|x86.ActiveCfg = Release|iPhone
		{8249B175-99F7-41F7-864E-D7835979B4E0}.Ad-Hoc|Any CPU.ActiveCfg = Release|Any CPU
		{8249B175-99F7-41F7-864E-D7835979B4E0}.Ad-Hoc|Any CPU.Build.0 = Release|Any CPU
		{8249B175-99F7-41F7-864E-D7835979B4E0}.Ad-Hoc|ARM.ActiveCfg = Release|Any CPU
		{8249B175-99F7-41F7-864E-D7835979B4E0}.Ad-Hoc|ARM.Build.0 = Release|Any CPU
		{8249B175-99F7-41F7-864E-D7835979B4E0}.Ad-Hoc|iPhone.ActiveCfg = Release|Any CPU
		{8249B175-99F7-41F7-864E-D7835979B4E0}.Ad-Hoc|iPhone.Build.0 = Release|Any CPU
		{8249B175-99F7-41F7-864E-D7835979B4E0}.Ad-Hoc|iPhoneSimulator.ActiveCfg = Release|Any CPU
		{8249B175-99F7-41F7-864E-D7835979B4E0}.Ad-Hoc|iPhoneSimulator.Build.0 = Release|Any CPU
		{8249B175-99F7-41F7-864E-D7835979B4E0}.Ad-Hoc|x64.ActiveCfg = Release|Any CPU
		{8249B175-99F7-41F7-864E-D7835979B4E0}.Ad-Hoc|x64.Build.0 = Release|Any CPU
		{8249B175-99F7-41F7-864E-D7835979B4E0}.Ad-Hoc|x86.ActiveCfg = Release|Any CPU
		{8249B175-99F7-41F7-864E-D7835979B4E0}.Ad-Hoc|x86.Build.0 = Release|Any CPU
		{8249B175-99F7-41F7-864E-D7835979B4E0}.AppStore|Any CPU.ActiveCfg = Release|Any CPU
		{8249B175-99F7-41F7-864E-D7835979B4E0}.AppStore|Any CPU.Build.0 = Release|Any CPU
		{8249B175-99F7-41F7-864E-D7835979B4E0}.AppStore|ARM.ActiveCfg = Release|Any CPU
		{8249B175-99F7-41F7-864E-D7835979B4E0}.AppStore|ARM.Build.0 = Release|Any CPU
		{8249B175-99F7-41F7-864E-D7835979B4E0}.AppStore|iPhone.ActiveCfg = Release|Any CPU
		{8249B175-99F7-41F7-864E-D7835979B4E0}.AppStore|iPhone.Build.0 = Release|Any CPU
		{8249B175-99F7-41F7-864E-D7835979B4E0}.AppStore|iPhoneSimulator.ActiveCfg = Release|Any CPU
		{8249B175-99F7-41F7-864E-D7835979B4E0}.AppStore|iPhoneSimulator.Build.0 = Release|Any CPU
		{8249B175-99F7-41F7-864E-D7835979B4E0}.AppStore|x64.ActiveCfg = Release|Any CPU
		{8249B175-99F7-41F7-864E-D7835979B4E0}.AppStore|x64.Build.0 = Release|Any CPU
		{8249B175-99F7-41F7-864E-D7835979B4E0}.AppStore|x86.ActiveCfg = Release|Any CPU
		{8249B175-99F7-41F7-864E-D7835979B4E0}.AppStore|x86.Build.0 = Release|Any CPU
		{8249B175-99F7-41F7-864E-D7835979B4E0}.Debug|Any CPU.ActiveCfg = Debug|Any CPU
		{8249B175-99F7-41F7-864E-D7835979B4E0}.Debug|Any CPU.Build.0 = Debug|Any CPU
		{8249B175-99F7-41F7-864E-D7835979B4E0}.Debug|ARM.ActiveCfg = Debug|Any CPU
		{8249B175-99F7-41F7-864E-D7835979B4E0}.Debug|ARM.Build.0 = Debug|Any CPU
		{8249B175-99F7-41F7-864E-D7835979B4E0}.Debug|iPhone.ActiveCfg = Debug|Any CPU
		{8249B175-99F7-41F7-864E-D7835979B4E0}.Debug|iPhone.Build.0 = Debug|Any CPU
		{8249B175-99F7-41F7-864E-D7835979B4E0}.Debug|iPhoneSimulator.ActiveCfg = Debug|Any CPU
		{8249B175-99F7-41F7-864E-D7835979B4E0}.Debug|iPhoneSimulator.Build.0 = Debug|Any CPU
		{8249B175-99F7-41F7-864E-D7835979B4E0}.Debug|x64.ActiveCfg = Debug|Any CPU
		{8249B175-99F7-41F7-864E-D7835979B4E0}.Debug|x64.Build.0 = Debug|Any CPU
		{8249B175-99F7-41F7-864E-D7835979B4E0}.Debug|x86.ActiveCfg = Debug|Any CPU
		{8249B175-99F7-41F7-864E-D7835979B4E0}.Debug|x86.Build.0 = Debug|Any CPU
		{8249B175-99F7-41F7-864E-D7835979B4E0}.Release|Any CPU.ActiveCfg = Release|Any CPU
		{8249B175-99F7-41F7-864E-D7835979B4E0}.Release|Any CPU.Build.0 = Release|Any CPU
		{8249B175-99F7-41F7-864E-D7835979B4E0}.Release|ARM.ActiveCfg = Release|Any CPU
		{8249B175-99F7-41F7-864E-D7835979B4E0}.Release|ARM.Build.0 = Release|Any CPU
		{8249B175-99F7-41F7-864E-D7835979B4E0}.Release|iPhone.ActiveCfg = Release|Any CPU
		{8249B175-99F7-41F7-864E-D7835979B4E0}.Release|iPhone.Build.0 = Release|Any CPU
		{8249B175-99F7-41F7-864E-D7835979B4E0}.Release|iPhoneSimulator.ActiveCfg = Release|Any CPU
		{8249B175-99F7-41F7-864E-D7835979B4E0}.Release|iPhoneSimulator.Build.0 = Release|Any CPU
		{8249B175-99F7-41F7-864E-D7835979B4E0}.Release|x64.ActiveCfg = Release|Any CPU
		{8249B175-99F7-41F7-864E-D7835979B4E0}.Release|x64.Build.0 = Release|Any CPU
		{8249B175-99F7-41F7-864E-D7835979B4E0}.Release|x86.ActiveCfg = Release|Any CPU
		{8249B175-99F7-41F7-864E-D7835979B4E0}.Release|x86.Build.0 = Release|Any CPU
		{66D5B7C5-F4CC-4825-B434-AB904025E7E1}.Ad-Hoc|Any CPU.ActiveCfg = Release|x64
		{66D5B7C5-F4CC-4825-B434-AB904025E7E1}.Ad-Hoc|Any CPU.Build.0 = Release|x64
		{66D5B7C5-F4CC-4825-B434-AB904025E7E1}.Ad-Hoc|Any CPU.Deploy.0 = Release|x64
		{66D5B7C5-F4CC-4825-B434-AB904025E7E1}.Ad-Hoc|ARM.ActiveCfg = Release|ARM
		{66D5B7C5-F4CC-4825-B434-AB904025E7E1}.Ad-Hoc|ARM.Build.0 = Release|ARM
		{66D5B7C5-F4CC-4825-B434-AB904025E7E1}.Ad-Hoc|ARM.Deploy.0 = Release|ARM
		{66D5B7C5-F4CC-4825-B434-AB904025E7E1}.Ad-Hoc|iPhone.ActiveCfg = Release|x64
		{66D5B7C5-F4CC-4825-B434-AB904025E7E1}.Ad-Hoc|iPhone.Build.0 = Release|x64
		{66D5B7C5-F4CC-4825-B434-AB904025E7E1}.Ad-Hoc|iPhone.Deploy.0 = Release|x64
		{66D5B7C5-F4CC-4825-B434-AB904025E7E1}.Ad-Hoc|iPhoneSimulator.ActiveCfg = Release|x64
		{66D5B7C5-F4CC-4825-B434-AB904025E7E1}.Ad-Hoc|iPhoneSimulator.Build.0 = Release|x64
		{66D5B7C5-F4CC-4825-B434-AB904025E7E1}.Ad-Hoc|iPhoneSimulator.Deploy.0 = Release|x64
		{66D5B7C5-F4CC-4825-B434-AB904025E7E1}.Ad-Hoc|x64.ActiveCfg = Release|x64
		{66D5B7C5-F4CC-4825-B434-AB904025E7E1}.Ad-Hoc|x64.Build.0 = Release|x64
		{66D5B7C5-F4CC-4825-B434-AB904025E7E1}.Ad-Hoc|x64.Deploy.0 = Release|x64
		{66D5B7C5-F4CC-4825-B434-AB904025E7E1}.Ad-Hoc|x86.ActiveCfg = Release|x86
		{66D5B7C5-F4CC-4825-B434-AB904025E7E1}.Ad-Hoc|x86.Build.0 = Release|x86
		{66D5B7C5-F4CC-4825-B434-AB904025E7E1}.Ad-Hoc|x86.Deploy.0 = Release|x86
		{66D5B7C5-F4CC-4825-B434-AB904025E7E1}.AppStore|Any CPU.ActiveCfg = Release|x64
		{66D5B7C5-F4CC-4825-B434-AB904025E7E1}.AppStore|Any CPU.Build.0 = Release|x64
		{66D5B7C5-F4CC-4825-B434-AB904025E7E1}.AppStore|Any CPU.Deploy.0 = Release|x64
		{66D5B7C5-F4CC-4825-B434-AB904025E7E1}.AppStore|ARM.ActiveCfg = Release|ARM
		{66D5B7C5-F4CC-4825-B434-AB904025E7E1}.AppStore|ARM.Build.0 = Release|ARM
		{66D5B7C5-F4CC-4825-B434-AB904025E7E1}.AppStore|ARM.Deploy.0 = Release|ARM
		{66D5B7C5-F4CC-4825-B434-AB904025E7E1}.AppStore|iPhone.ActiveCfg = Release|x64
		{66D5B7C5-F4CC-4825-B434-AB904025E7E1}.AppStore|iPhone.Build.0 = Release|x64
		{66D5B7C5-F4CC-4825-B434-AB904025E7E1}.AppStore|iPhone.Deploy.0 = Release|x64
		{66D5B7C5-F4CC-4825-B434-AB904025E7E1}.AppStore|iPhoneSimulator.ActiveCfg = Release|x64
		{66D5B7C5-F4CC-4825-B434-AB904025E7E1}.AppStore|iPhoneSimulator.Build.0 = Release|x64
		{66D5B7C5-F4CC-4825-B434-AB904025E7E1}.AppStore|iPhoneSimulator.Deploy.0 = Release|x64
		{66D5B7C5-F4CC-4825-B434-AB904025E7E1}.AppStore|x64.ActiveCfg = Release|x64
		{66D5B7C5-F4CC-4825-B434-AB904025E7E1}.AppStore|x64.Build.0 = Release|x64
		{66D5B7C5-F4CC-4825-B434-AB904025E7E1}.AppStore|x64.Deploy.0 = Release|x64
		{66D5B7C5-F4CC-4825-B434-AB904025E7E1}.AppStore|x86.ActiveCfg = Release|x86
		{66D5B7C5-F4CC-4825-B434-AB904025E7E1}.AppStore|x86.Build.0 = Release|x86
		{66D5B7C5-F4CC-4825-B434-AB904025E7E1}.AppStore|x86.Deploy.0 = Release|x86
		{66D5B7C5-F4CC-4825-B434-AB904025E7E1}.Debug|Any CPU.ActiveCfg = Debug|x86
		{66D5B7C5-F4CC-4825-B434-AB904025E7E1}.Debug|Any CPU.Build.0 = Debug|x86
		{66D5B7C5-F4CC-4825-B434-AB904025E7E1}.Debug|Any CPU.Deploy.0 = Debug|x86
		{66D5B7C5-F4CC-4825-B434-AB904025E7E1}.Debug|ARM.ActiveCfg = Debug|ARM
		{66D5B7C5-F4CC-4825-B434-AB904025E7E1}.Debug|ARM.Build.0 = Debug|ARM
		{66D5B7C5-F4CC-4825-B434-AB904025E7E1}.Debug|ARM.Deploy.0 = Debug|ARM
		{66D5B7C5-F4CC-4825-B434-AB904025E7E1}.Debug|iPhone.ActiveCfg = Debug|x86
		{66D5B7C5-F4CC-4825-B434-AB904025E7E1}.Debug|iPhoneSimulator.ActiveCfg = Debug|x86
		{66D5B7C5-F4CC-4825-B434-AB904025E7E1}.Debug|x64.ActiveCfg = Debug|x64
		{66D5B7C5-F4CC-4825-B434-AB904025E7E1}.Debug|x64.Build.0 = Debug|x64
		{66D5B7C5-F4CC-4825-B434-AB904025E7E1}.Debug|x64.Deploy.0 = Debug|x64
		{66D5B7C5-F4CC-4825-B434-AB904025E7E1}.Debug|x86.ActiveCfg = Debug|x86
		{66D5B7C5-F4CC-4825-B434-AB904025E7E1}.Debug|x86.Build.0 = Debug|x86
		{66D5B7C5-F4CC-4825-B434-AB904025E7E1}.Debug|x86.Deploy.0 = Debug|x86
		{66D5B7C5-F4CC-4825-B434-AB904025E7E1}.Release|Any CPU.ActiveCfg = Release|x86
		{66D5B7C5-F4CC-4825-B434-AB904025E7E1}.Release|ARM.ActiveCfg = Release|ARM
		{66D5B7C5-F4CC-4825-B434-AB904025E7E1}.Release|ARM.Build.0 = Release|ARM
		{66D5B7C5-F4CC-4825-B434-AB904025E7E1}.Release|ARM.Deploy.0 = Release|ARM
		{66D5B7C5-F4CC-4825-B434-AB904025E7E1}.Release|iPhone.ActiveCfg = Release|x86
		{66D5B7C5-F4CC-4825-B434-AB904025E7E1}.Release|iPhoneSimulator.ActiveCfg = Release|x86
		{66D5B7C5-F4CC-4825-B434-AB904025E7E1}.Release|x64.ActiveCfg = Release|x64
		{66D5B7C5-F4CC-4825-B434-AB904025E7E1}.Release|x64.Build.0 = Release|x64
		{66D5B7C5-F4CC-4825-B434-AB904025E7E1}.Release|x64.Deploy.0 = Release|x64
		{66D5B7C5-F4CC-4825-B434-AB904025E7E1}.Release|x86.ActiveCfg = Release|x86
		{66D5B7C5-F4CC-4825-B434-AB904025E7E1}.Release|x86.Build.0 = Release|x86
		{66D5B7C5-F4CC-4825-B434-AB904025E7E1}.Release|x86.Deploy.0 = Release|x86
	EndGlobalSection
	GlobalSection(SolutionProperties) = preSolution
		HideSolutionNode = FALSE
	EndGlobalSection
EndGlobal
